
Microsoft Visual Studio Solution File, Format Version 12.00
# Visual Studio Version 16
VisualStudioVersion = 16.0.30907.101
MinimumVisualStudioVersion = 10.0.40219.1
Project("{FAE04EC0-301F-11D3-BF4B-00C04F79EFBC}") = "ChapApp13", "ChapApp13\ChapApp13.csproj", "{7DCD4D33-8B21-4366-B67B-D3C8CAE09174}"
EndProject
Project("{FAE04EC0-301F-11D3-BF4B-00C04F79EFBC}") = "CallbackTestApp", "CallbackTestApp\CallbackTestApp.csproj", "{E73E2DC1-FD5E-400D-B6AF-E141ECCA240B}"
EndProject
Project("{FAE04EC0-301F-11D3-BF4B-00C04F79EFBC}") = "DelegateChainApp", "DelegateChainApp\DelegateChainApp.csproj", "{43AE715E-54D6-4868-9E10-1A09C873DE4A}"
EndProject
Global
	GlobalSection(SolutionConfigurationPlatforms) = preSolution
		Debug|Any CPU = Debug|Any CPU
		Release|Any CPU = Release|Any CPU
	EndGlobalSection
	GlobalSection(ProjectConfigurationPlatforms) = postSolution
		{7DCD4D33-8B21-4366-B67B-D3C8CAE09174}.Debug|Any CPU.ActiveCfg = Debug|Any CPU
		{7DCD4D33-8B21-4366-B67B-D3C8CAE09174}.Debug|Any CPU.Build.0 = Debug|Any CPU
		{7DCD4D33-8B21-4366-B67B-D3C8CAE09174}.Release|Any CPU.ActiveCfg = Release|Any CPU
		{7DCD4D33-8B21-4366-B67B-D3C8CAE09174}.Release|Any CPU.Build.0 = Release|Any CPU
		{E73E2DC1-FD5E-400D-B6AF-E141ECCA240B}.Debug|Any CPU.ActiveCfg = Debug|Any CPU
		{E73E2DC1-FD5E-400D-B6AF-E141ECCA240B}.Debug|Any CPU.Build.0 = Debug|Any CPU
		{E73E2DC1-FD5E-400D-B6AF-E141ECCA240B}.Release|Any CPU.ActiveCfg = Release|Any CPU
		{E73E2DC1-FD5E-400D-B6AF-E141ECCA240B}.Release|Any CPU.Build.0 = Release|Any CPU
		{43AE715E-54D6-4868-9E10-1A09C873DE4A}.Debug|Any CPU.ActiveCfg = Debug|Any CPU
		{43AE715E-54D6-4868-9E10-1A09C873DE4A}.Debug|Any CPU.Build.0 = Debug|Any CPU
		{43AE715E-54D6-4868-9E10-1A09C873DE4A}.Release|Any CPU.ActiveCfg = Release|Any CPU
		{43AE715E-54D6-4868-9E10-1A09C873DE4A}.Release|Any CPU.Build.0 = Release|Any CPU
	EndGlobalSection
	GlobalSection(SolutionProperties) = preSolution
		HideSolutionNode = FALSE
	EndGlobalSection
	GlobalSection(ExtensibilityGlobals) = postSolution
		SolutionGuid = {64B0D54A-01CA-425A-84F8-4CFEFF1791B5}
	EndGlobalSection
EndGlobal
