
Microsoft Visual Studio Solution File, Format Version 12.00
# Visual Studio Version 16
VisualStudioVersion = 16.0.30907.101
MinimumVisualStudioVersion = 10.0.40219.1
Project("{FAE04EC0-301F-11D3-BF4B-00C04F79EFBC}") = "Chap10App", "Chap10App\Chap10App.csproj", "{B31765B8-69BB-43E3-9471-EB39F1997439}"
EndProject
Project("{FAE04EC0-301F-11D3-BF4B-00C04F79EFBC}") = "2DegreeArrayApp", "2DegreeArrayApp\2DegreeArrayApp.csproj", "{690C10DD-292E-456F-8449-B8800C03DF1A}"
EndProject
Project("{FAE04EC0-301F-11D3-BF4B-00C04F79EFBC}") = "ArrayListApp", "ArrayListApp\ArrayListApp.csproj", "{FB922682-FE09-4964-978A-9AD9A5E63264}"
EndProject
Project("{FAE04EC0-301F-11D3-BF4B-00C04F79EFBC}") = "HashTableApp", "HashTableApp\HashTableApp.csproj", "{B0999E88-98EC-47E6-8E66-A6F1DEDD9FCB}"
EndProject
Project("{FAE04EC0-301F-11D3-BF4B-00C04F79EFBC}") = "InitCollectionsApp", "InitCollectionsApp\InitCollectionsApp.csproj", "{3DDD34C7-1096-430F-8ADD-8635465EE61A}"
EndProject
Global
	GlobalSection(SolutionConfigurationPlatforms) = preSolution
		Debug|Any CPU = Debug|Any CPU
		Release|Any CPU = Release|Any CPU
	EndGlobalSection
	GlobalSection(ProjectConfigurationPlatforms) = postSolution
		{B31765B8-69BB-43E3-9471-EB39F1997439}.Debug|Any CPU.ActiveCfg = Debug|Any CPU
		{B31765B8-69BB-43E3-9471-EB39F1997439}.Debug|Any CPU.Build.0 = Debug|Any CPU
		{B31765B8-69BB-43E3-9471-EB39F1997439}.Release|Any CPU.ActiveCfg = Release|Any CPU
		{B31765B8-69BB-43E3-9471-EB39F1997439}.Release|Any CPU.Build.0 = Release|Any CPU
		{690C10DD-292E-456F-8449-B8800C03DF1A}.Debug|Any CPU.ActiveCfg = Debug|Any CPU
		{690C10DD-292E-456F-8449-B8800C03DF1A}.Debug|Any CPU.Build.0 = Debug|Any CPU
		{690C10DD-292E-456F-8449-B8800C03DF1A}.Release|Any CPU.ActiveCfg = Release|Any CPU
		{690C10DD-292E-456F-8449-B8800C03DF1A}.Release|Any CPU.Build.0 = Release|Any CPU
		{FB922682-FE09-4964-978A-9AD9A5E63264}.Debug|Any CPU.ActiveCfg = Debug|Any CPU
		{FB922682-FE09-4964-978A-9AD9A5E63264}.Debug|Any CPU.Build.0 = Debug|Any CPU
		{FB922682-FE09-4964-978A-9AD9A5E63264}.Release|Any CPU.ActiveCfg = Release|Any CPU
		{FB922682-FE09-4964-978A-9AD9A5E63264}.Release|Any CPU.Build.0 = Release|Any CPU
		{B0999E88-98EC-47E6-8E66-A6F1DEDD9FCB}.Debug|Any CPU.ActiveCfg = Debug|Any CPU
		{B0999E88-98EC-47E6-8E66-A6F1DEDD9FCB}.Debug|Any CPU.Build.0 = Debug|Any CPU
		{B0999E88-98EC-47E6-8E66-A6F1DEDD9FCB}.Release|Any CPU.ActiveCfg = Release|Any CPU
		{B0999E88-98EC-47E6-8E66-A6F1DEDD9FCB}.Release|Any CPU.Build.0 = Release|Any CPU
		{3DDD34C7-1096-430F-8ADD-8635465EE61A}.Debug|Any CPU.ActiveCfg = Debug|Any CPU
		{3DDD34C7-1096-430F-8ADD-8635465EE61A}.Debug|Any CPU.Build.0 = Debug|Any CPU
		{3DDD34C7-1096-430F-8ADD-8635465EE61A}.Release|Any CPU.ActiveCfg = Release|Any CPU
		{3DDD34C7-1096-430F-8ADD-8635465EE61A}.Release|Any CPU.Build.0 = Release|Any CPU
	EndGlobalSection
	GlobalSection(SolutionProperties) = preSolution
		HideSolutionNode = FALSE
	EndGlobalSection
	GlobalSection(ExtensibilityGlobals) = postSolution
		SolutionGuid = {B91DB07C-B8EA-4DAC-ABBC-862F9CB58EF2}
	EndGlobalSection
EndGlobal
