
Microsoft Visual Studio Solution File, Format Version 12.00
# Visual Studio Version 16
VisualStudioVersion = 16.0.30907.101
MinimumVisualStudioVersion = 10.0.40219.1
Project("{FAE04EC0-301F-11D3-BF4B-00C04F79EFBC}") = "Chap10App", "Chap10App\Chap10App.csproj", "{B31765B8-69BB-43E3-9471-EB39F1997439}"
EndProject
Project("{FAE04EC0-301F-11D3-BF4B-00C04F79EFBC}") = "2DegreeArrayApp", "2DegreeArrayApp\2DegreeArrayApp.csproj", "{690C10DD-292E-456F-8449-B8800C03DF1A}"
EndProject
Global
	GlobalSection(SolutionConfigurationPlatforms) = preSolution
		Debug|Any CPU = Debug|Any CPU
		Release|Any CPU = Release|Any CPU
	EndGlobalSection
	GlobalSection(ProjectConfigurationPlatforms) = postSolution
		{B31765B8-69BB-43E3-9471-EB39F1997439}.Debug|Any CPU.ActiveCfg = Debug|Any CPU
		{B31765B8-69BB-43E3-9471-EB39F1997439}.Debug|Any CPU.Build.0 = Debug|Any CPU
		{B31765B8-69BB-43E3-9471-EB39F1997439}.Release|Any CPU.ActiveCfg = Release|Any CPU
		{B31765B8-69BB-43E3-9471-EB39F1997439}.Release|Any CPU.Build.0 = Release|Any CPU
		{690C10DD-292E-456F-8449-B8800C03DF1A}.Debug|Any CPU.ActiveCfg = Debug|Any CPU
		{690C10DD-292E-456F-8449-B8800C03DF1A}.Debug|Any CPU.Build.0 = Debug|Any CPU
		{690C10DD-292E-456F-8449-B8800C03DF1A}.Release|Any CPU.ActiveCfg = Release|Any CPU
		{690C10DD-292E-456F-8449-B8800C03DF1A}.Release|Any CPU.Build.0 = Release|Any CPU
	EndGlobalSection
	GlobalSection(SolutionProperties) = preSolution
		HideSolutionNode = FALSE
	EndGlobalSection
	GlobalSection(ExtensibilityGlobals) = postSolution
		SolutionGuid = {B91DB07C-B8EA-4DAC-ABBC-862F9CB58EF2}
	EndGlobalSection
EndGlobal
