
Microsoft Visual Studio Solution File, Format Version 12.00
# Visual Studio Version 16
VisualStudioVersion = 16.0.30907.101
MinimumVisualStudioVersion = 10.0.40219.1
Project("{FAE04EC0-301F-11D3-BF4B-00C04F79EFBC}") = "Chap15App", "Chap15App\Chap15App.csproj", "{C389A033-40EB-443F-8F8C-248D89504096}"
EndProject
Global
	GlobalSection(SolutionConfigurationPlatforms) = preSolution
		Debug|Any CPU = Debug|Any CPU
		Release|Any CPU = Release|Any CPU
	EndGlobalSection
	GlobalSection(ProjectConfigurationPlatforms) = postSolution
		{C389A033-40EB-443F-8F8C-248D89504096}.Debug|Any CPU.ActiveCfg = Debug|Any CPU
		{C389A033-40EB-443F-8F8C-248D89504096}.Debug|Any CPU.Build.0 = Debug|Any CPU
		{C389A033-40EB-443F-8F8C-248D89504096}.Release|Any CPU.ActiveCfg = Release|Any CPU
		{C389A033-40EB-443F-8F8C-248D89504096}.Release|Any CPU.Build.0 = Release|Any CPU
	EndGlobalSection
	GlobalSection(SolutionProperties) = preSolution
		HideSolutionNode = FALSE
	EndGlobalSection
	GlobalSection(ExtensibilityGlobals) = postSolution
		SolutionGuid = {0A9BCB14-B3DA-4142-B060-02C51342957D}
	EndGlobalSection
EndGlobal
