
Microsoft Visual Studio Solution File, Format Version 12.00
# Visual Studio Version 16
VisualStudioVersion = 16.0.30907.101
MinimumVisualStudioVersion = 10.0.40219.1
Project("{FAE04EC0-301F-11D3-BF4B-00C04F79EFBC}") = "chap05App", "chap05App\chap05App.csproj", "{269D74B3-BA82-4D09-A3B4-72084CE7898B}"
EndProject
Project("{FAE04EC0-301F-11D3-BF4B-00C04F79EFBC}") = "SwitchTestApp", "SwitchTestApp\SwitchTestApp.csproj", "{D32546AF-53F0-4DEF-99DA-57C297FC786E}"
EndProject
Project("{FAE04EC0-301F-11D3-BF4B-00C04F79EFBC}") = "LoopTestApp", "LoopTestApp\LoopTestApp.csproj", "{D8E55342-FFB1-470F-A313-E7D915790090}"
EndProject
Project("{FAE04EC0-301F-11D3-BF4B-00C04F79EFBC}") = "StarTestApp", "StarTestApp\StarTestApp.csproj", "{242D70F5-8AFC-434B-B116-7FE4B9C3750C}"
EndProject
Project("{FAE04EC0-301F-11D3-BF4B-00C04F79EFBC}") = "ForeachTestApp", "ForeachTestApp\ForeachTestApp.csproj", "{C75930FA-6E72-4D5D-8E9A-FBC6051EF636}"
EndProject
Project("{FAE04EC0-301F-11D3-BF4B-00C04F79EFBC}") = "infiniteLoopApp", "infiniteLoopApp\infiniteLoopApp.csproj", "{E078016D-5A73-4E2E-8972-258CB5F75914}"
EndProject
Project("{FAE04EC0-301F-11D3-BF4B-00C04F79EFBC}") = "JumpTestApp", "JumpTestApp\JumpTestApp.csproj", "{455CF591-0F43-4847-ACA2-F62ADF47768A}"
EndProject
Global
	GlobalSection(SolutionConfigurationPlatforms) = preSolution
		Debug|Any CPU = Debug|Any CPU
		Release|Any CPU = Release|Any CPU
	EndGlobalSection
	GlobalSection(ProjectConfigurationPlatforms) = postSolution
		{269D74B3-BA82-4D09-A3B4-72084CE7898B}.Debug|Any CPU.ActiveCfg = Debug|Any CPU
		{269D74B3-BA82-4D09-A3B4-72084CE7898B}.Debug|Any CPU.Build.0 = Debug|Any CPU
		{269D74B3-BA82-4D09-A3B4-72084CE7898B}.Release|Any CPU.ActiveCfg = Release|Any CPU
		{269D74B3-BA82-4D09-A3B4-72084CE7898B}.Release|Any CPU.Build.0 = Release|Any CPU
		{D32546AF-53F0-4DEF-99DA-57C297FC786E}.Debug|Any CPU.ActiveCfg = Debug|Any CPU
		{D32546AF-53F0-4DEF-99DA-57C297FC786E}.Debug|Any CPU.Build.0 = Debug|Any CPU
		{D32546AF-53F0-4DEF-99DA-57C297FC786E}.Release|Any CPU.ActiveCfg = Release|Any CPU
		{D32546AF-53F0-4DEF-99DA-57C297FC786E}.Release|Any CPU.Build.0 = Release|Any CPU
		{D8E55342-FFB1-470F-A313-E7D915790090}.Debug|Any CPU.ActiveCfg = Debug|Any CPU
		{D8E55342-FFB1-470F-A313-E7D915790090}.Debug|Any CPU.Build.0 = Debug|Any CPU
		{D8E55342-FFB1-470F-A313-E7D915790090}.Release|Any CPU.ActiveCfg = Release|Any CPU
		{D8E55342-FFB1-470F-A313-E7D915790090}.Release|Any CPU.Build.0 = Release|Any CPU
		{242D70F5-8AFC-434B-B116-7FE4B9C3750C}.Debug|Any CPU.ActiveCfg = Debug|Any CPU
		{242D70F5-8AFC-434B-B116-7FE4B9C3750C}.Debug|Any CPU.Build.0 = Debug|Any CPU
		{242D70F5-8AFC-434B-B116-7FE4B9C3750C}.Release|Any CPU.ActiveCfg = Release|Any CPU
		{242D70F5-8AFC-434B-B116-7FE4B9C3750C}.Release|Any CPU.Build.0 = Release|Any CPU
		{C75930FA-6E72-4D5D-8E9A-FBC6051EF636}.Debug|Any CPU.ActiveCfg = Debug|Any CPU
		{C75930FA-6E72-4D5D-8E9A-FBC6051EF636}.Debug|Any CPU.Build.0 = Debug|Any CPU
		{C75930FA-6E72-4D5D-8E9A-FBC6051EF636}.Release|Any CPU.ActiveCfg = Release|Any CPU
		{C75930FA-6E72-4D5D-8E9A-FBC6051EF636}.Release|Any CPU.Build.0 = Release|Any CPU
		{E078016D-5A73-4E2E-8972-258CB5F75914}.Debug|Any CPU.ActiveCfg = Debug|Any CPU
		{E078016D-5A73-4E2E-8972-258CB5F75914}.Debug|Any CPU.Build.0 = Debug|Any CPU
		{E078016D-5A73-4E2E-8972-258CB5F75914}.Release|Any CPU.ActiveCfg = Release|Any CPU
		{E078016D-5A73-4E2E-8972-258CB5F75914}.Release|Any CPU.Build.0 = Release|Any CPU
		{455CF591-0F43-4847-ACA2-F62ADF47768A}.Debug|Any CPU.ActiveCfg = Debug|Any CPU
		{455CF591-0F43-4847-ACA2-F62ADF47768A}.Debug|Any CPU.Build.0 = Debug|Any CPU
		{455CF591-0F43-4847-ACA2-F62ADF47768A}.Release|Any CPU.ActiveCfg = Release|Any CPU
		{455CF591-0F43-4847-ACA2-F62ADF47768A}.Release|Any CPU.Build.0 = Release|Any CPU
	EndGlobalSection
	GlobalSection(SolutionProperties) = preSolution
		HideSolutionNode = FALSE
	EndGlobalSection
	GlobalSection(ExtensibilityGlobals) = postSolution
		SolutionGuid = {3E1F0174-DF7D-443C-B33A-F94CDD86E7A7}
	EndGlobalSection
EndGlobal
