
Microsoft Visual Studio Solution File, Format Version 12.00
# Visual Studio Version 16
VisualStudioVersion = 16.0.30907.101
MinimumVisualStudioVersion = 10.0.40219.1
Project("{FAE04EC0-301F-11D3-BF4B-00C04F79EFBC}") = "AddressBookApp", "AddressBookApp\AddressBookApp.csproj", "{9D4A13CB-0FEC-4C65-B05B-53630CA3EFF7}"
EndProject
Global
	GlobalSection(SolutionConfigurationPlatforms) = preSolution
		Debug|Any CPU = Debug|Any CPU
		Release|Any CPU = Release|Any CPU
	EndGlobalSection
	GlobalSection(ProjectConfigurationPlatforms) = postSolution
		{9D4A13CB-0FEC-4C65-B05B-53630CA3EFF7}.Debug|Any CPU.ActiveCfg = Debug|Any CPU
		{9D4A13CB-0FEC-4C65-B05B-53630CA3EFF7}.Debug|Any CPU.Build.0 = Debug|Any CPU
		{9D4A13CB-0FEC-4C65-B05B-53630CA3EFF7}.Release|Any CPU.ActiveCfg = Release|Any CPU
		{9D4A13CB-0FEC-4C65-B05B-53630CA3EFF7}.Release|Any CPU.Build.0 = Release|Any CPU
	EndGlobalSection
	GlobalSection(SolutionProperties) = preSolution
		HideSolutionNode = FALSE
	EndGlobalSection
	GlobalSection(ExtensibilityGlobals) = postSolution
		SolutionGuid = {9B52A03C-2467-45CB-8EFE-808CA2E96167}
	EndGlobalSection
EndGlobal
