
Microsoft Visual Studio Solution File, Format Version 12.00
# Visual Studio Version 16
VisualStudioVersion = 16.0.30907.101
MinimumVisualStudioVersion = 10.0.40219.1
Project("{FAE04EC0-301F-11D3-BF4B-00C04F79EFBC}") = "Chap07App", "Chap07App\Chap07App.csproj", "{D83B4536-4547-4BF5-88FE-824812FEC030}"
EndProject
Project("{FAE04EC0-301F-11D3-BF4B-00C04F79EFBC}") = "CalcTestApp", "CalcTestApp\CalcTestApp.csproj", "{D314646D-415E-45B0-9000-11BB2DE7BE87}"
EndProject
Project("{FAE04EC0-301F-11D3-BF4B-00C04F79EFBC}") = "StaticTestApp", "StaticTestApp\StaticTestApp.csproj", "{030325DF-BDEA-4008-A49A-512D146A9A2F}"
EndProject
Project("{FAE04EC0-301F-11D3-BF4B-00C04F79EFBC}") = "AccessModifierTestApp", "AccessModifierTestApp\AccessModifierTestApp.csproj", "{3E2A364A-1DB2-46D0-9E29-9527CCAAEC3E}"
EndProject
Project("{FAE04EC0-301F-11D3-BF4B-00C04F79EFBC}") = "InheritTestApp", "InheritTestApp\InheritTestApp.csproj", "{9AEDAB91-A1E4-43E9-8E30-CB03E3CBD54D}"
EndProject
Project("{FAE04EC0-301F-11D3-BF4B-00C04F79EFBC}") = "ClassTypeCaseApp", "ClassTypeCaseApp\ClassTypeCaseApp.csproj", "{A496B15A-8B3A-4633-A159-E11B0A3C84FC}"
EndProject
Project("{FAE04EC0-301F-11D3-BF4B-00C04F79EFBC}") = "OverrideTestApp", "OverrideTestApp\OverrideTestApp.csproj", "{F2DB4223-DDAE-4D9A-9684-DFC39B9BD020}"
EndProject
Project("{FAE04EC0-301F-11D3-BF4B-00C04F79EFBC}") = "PartialClassApp", "PartialClassApp\PartialClassApp.csproj", "{32EBE01E-73C0-47FB-82F7-992D62D4688D}"
EndProject
Project("{FAE04EC0-301F-11D3-BF4B-00C04F79EFBC}") = "NewInheritTestApp", "NewInheritTestApp\NewInheritTestApp.csproj", "{D1966A92-E45B-4CD6-87CC-32E01681F764}"
EndProject
Project("{FAE04EC0-301F-11D3-BF4B-00C04F79EFBC}") = "NewtypeCastApp", "NewtypeCastApp\NewtypeCastApp.csproj", "{80199D60-C0E5-423F-9ECA-E6E6EB0A4590}"
EndProject
Project("{FAE04EC0-301F-11D3-BF4B-00C04F79EFBC}") = "NewOverrideTestApp", "NewOverrideTestApp\NewOverrideTestApp.csproj", "{BB76F939-ADC4-4FF6-83E2-DA0B32DD8238}"
EndProject
Global
	GlobalSection(SolutionConfigurationPlatforms) = preSolution
		Debug|Any CPU = Debug|Any CPU
		Release|Any CPU = Release|Any CPU
	EndGlobalSection
	GlobalSection(ProjectConfigurationPlatforms) = postSolution
		{D83B4536-4547-4BF5-88FE-824812FEC030}.Debug|Any CPU.ActiveCfg = Debug|Any CPU
		{D83B4536-4547-4BF5-88FE-824812FEC030}.Debug|Any CPU.Build.0 = Debug|Any CPU
		{D83B4536-4547-4BF5-88FE-824812FEC030}.Release|Any CPU.ActiveCfg = Release|Any CPU
		{D83B4536-4547-4BF5-88FE-824812FEC030}.Release|Any CPU.Build.0 = Release|Any CPU
		{D314646D-415E-45B0-9000-11BB2DE7BE87}.Debug|Any CPU.ActiveCfg = Debug|Any CPU
		{D314646D-415E-45B0-9000-11BB2DE7BE87}.Debug|Any CPU.Build.0 = Debug|Any CPU
		{D314646D-415E-45B0-9000-11BB2DE7BE87}.Release|Any CPU.ActiveCfg = Release|Any CPU
		{D314646D-415E-45B0-9000-11BB2DE7BE87}.Release|Any CPU.Build.0 = Release|Any CPU
		{030325DF-BDEA-4008-A49A-512D146A9A2F}.Debug|Any CPU.ActiveCfg = Debug|Any CPU
		{030325DF-BDEA-4008-A49A-512D146A9A2F}.Debug|Any CPU.Build.0 = Debug|Any CPU
		{030325DF-BDEA-4008-A49A-512D146A9A2F}.Release|Any CPU.ActiveCfg = Release|Any CPU
		{030325DF-BDEA-4008-A49A-512D146A9A2F}.Release|Any CPU.Build.0 = Release|Any CPU
		{3E2A364A-1DB2-46D0-9E29-9527CCAAEC3E}.Debug|Any CPU.ActiveCfg = Debug|Any CPU
		{3E2A364A-1DB2-46D0-9E29-9527CCAAEC3E}.Debug|Any CPU.Build.0 = Debug|Any CPU
		{3E2A364A-1DB2-46D0-9E29-9527CCAAEC3E}.Release|Any CPU.ActiveCfg = Release|Any CPU
		{3E2A364A-1DB2-46D0-9E29-9527CCAAEC3E}.Release|Any CPU.Build.0 = Release|Any CPU
		{9AEDAB91-A1E4-43E9-8E30-CB03E3CBD54D}.Debug|Any CPU.ActiveCfg = Debug|Any CPU
		{9AEDAB91-A1E4-43E9-8E30-CB03E3CBD54D}.Debug|Any CPU.Build.0 = Debug|Any CPU
		{9AEDAB91-A1E4-43E9-8E30-CB03E3CBD54D}.Release|Any CPU.ActiveCfg = Release|Any CPU
		{9AEDAB91-A1E4-43E9-8E30-CB03E3CBD54D}.Release|Any CPU.Build.0 = Release|Any CPU
		{A496B15A-8B3A-4633-A159-E11B0A3C84FC}.Debug|Any CPU.ActiveCfg = Debug|Any CPU
		{A496B15A-8B3A-4633-A159-E11B0A3C84FC}.Debug|Any CPU.Build.0 = Debug|Any CPU
		{A496B15A-8B3A-4633-A159-E11B0A3C84FC}.Release|Any CPU.ActiveCfg = Release|Any CPU
		{A496B15A-8B3A-4633-A159-E11B0A3C84FC}.Release|Any CPU.Build.0 = Release|Any CPU
		{F2DB4223-DDAE-4D9A-9684-DFC39B9BD020}.Debug|Any CPU.ActiveCfg = Debug|Any CPU
		{F2DB4223-DDAE-4D9A-9684-DFC39B9BD020}.Debug|Any CPU.Build.0 = Debug|Any CPU
		{F2DB4223-DDAE-4D9A-9684-DFC39B9BD020}.Release|Any CPU.ActiveCfg = Release|Any CPU
		{F2DB4223-DDAE-4D9A-9684-DFC39B9BD020}.Release|Any CPU.Build.0 = Release|Any CPU
		{32EBE01E-73C0-47FB-82F7-992D62D4688D}.Debug|Any CPU.ActiveCfg = Debug|Any CPU
		{32EBE01E-73C0-47FB-82F7-992D62D4688D}.Debug|Any CPU.Build.0 = Debug|Any CPU
		{32EBE01E-73C0-47FB-82F7-992D62D4688D}.Release|Any CPU.ActiveCfg = Release|Any CPU
		{32EBE01E-73C0-47FB-82F7-992D62D4688D}.Release|Any CPU.Build.0 = Release|Any CPU
		{D1966A92-E45B-4CD6-87CC-32E01681F764}.Debug|Any CPU.ActiveCfg = Debug|Any CPU
		{D1966A92-E45B-4CD6-87CC-32E01681F764}.Debug|Any CPU.Build.0 = Debug|Any CPU
		{D1966A92-E45B-4CD6-87CC-32E01681F764}.Release|Any CPU.ActiveCfg = Release|Any CPU
		{D1966A92-E45B-4CD6-87CC-32E01681F764}.Release|Any CPU.Build.0 = Release|Any CPU
		{80199D60-C0E5-423F-9ECA-E6E6EB0A4590}.Debug|Any CPU.ActiveCfg = Debug|Any CPU
		{80199D60-C0E5-423F-9ECA-E6E6EB0A4590}.Debug|Any CPU.Build.0 = Debug|Any CPU
		{80199D60-C0E5-423F-9ECA-E6E6EB0A4590}.Release|Any CPU.ActiveCfg = Release|Any CPU
		{80199D60-C0E5-423F-9ECA-E6E6EB0A4590}.Release|Any CPU.Build.0 = Release|Any CPU
		{BB76F939-ADC4-4FF6-83E2-DA0B32DD8238}.Debug|Any CPU.ActiveCfg = Debug|Any CPU
		{BB76F939-ADC4-4FF6-83E2-DA0B32DD8238}.Debug|Any CPU.Build.0 = Debug|Any CPU
		{BB76F939-ADC4-4FF6-83E2-DA0B32DD8238}.Release|Any CPU.ActiveCfg = Release|Any CPU
		{BB76F939-ADC4-4FF6-83E2-DA0B32DD8238}.Release|Any CPU.Build.0 = Release|Any CPU
	EndGlobalSection
	GlobalSection(SolutionProperties) = preSolution
		HideSolutionNode = FALSE
	EndGlobalSection
	GlobalSection(ExtensibilityGlobals) = postSolution
		SolutionGuid = {576977B5-D300-4DB3-802D-DF532BF84370}
	EndGlobalSection
EndGlobal
