
Microsoft Visual Studio Solution File, Format Version 12.00
# Visual Studio Version 16
VisualStudioVersion = 16.0.31205.134
MinimumVisualStudioVersion = 10.0.40219.1
Project("{FAE04EC0-301F-11D3-BF4B-00C04F79EFBC}") = "VarTestApp", "VarTestApp.csproj", "{0185E2EC-BEF3-4DB3-86D6-EC614B24C103}"
EndProject
Global
	GlobalSection(SolutionConfigurationPlatforms) = preSolution
		Debug|Any CPU = Debug|Any CPU
		Release|Any CPU = Release|Any CPU
	EndGlobalSection
	GlobalSection(ProjectConfigurationPlatforms) = postSolution
		{0185E2EC-BEF3-4DB3-86D6-EC614B24C103}.Debug|Any CPU.ActiveCfg = Debug|Any CPU
		{0185E2EC-BEF3-4DB3-86D6-EC614B24C103}.Debug|Any CPU.Build.0 = Debug|Any CPU
		{0185E2EC-BEF3-4DB3-86D6-EC614B24C103}.Release|Any CPU.ActiveCfg = Release|Any CPU
		{0185E2EC-BEF3-4DB3-86D6-EC614B24C103}.Release|Any CPU.Build.0 = Release|Any CPU
	EndGlobalSection
	GlobalSection(SolutionProperties) = preSolution
		HideSolutionNode = FALSE
	EndGlobalSection
	GlobalSection(ExtensibilityGlobals) = postSolution
		SolutionGuid = {7B0ACD4B-A409-4845-A181-CB00A1B3392D}
	EndGlobalSection
EndGlobal
